
Microsoft Visual Studio Solution File, Format Version 12.00
# Visual Studio 2017
Project("{FAE04EC0-301F-11D3-BF4B-00C04F79EFBC}") = "Marbles", "Marbles.csproj", "{6464D034-DFB6-A364-92E4-53D63DCDB990}"
EndProject
Global
	GlobalSection(SolutionConfigurationPlatforms) = preSolution
		Debug|Any CPU = Debug|Any CPU
		Release|Any CPU = Release|Any CPU
	EndGlobalSection
	GlobalSection(ProjectConfigurationPlatforms) = postSolution
		{6464D034-DFB6-A364-92E4-53D63DCDB990}.Debug|Any CPU.ActiveCfg = Debug|Any CPU
		{6464D034-DFB6-A364-92E4-53D63DCDB990}.Debug|Any CPU.Build.0 = Debug|Any CPU
		{6464D034-DFB6-A364-92E4-53D63DCDB990}.Release|Any CPU.ActiveCfg = Release|Any CPU
		{6464D034-DFB6-A364-92E4-53D63DCDB990}.Release|Any CPU.Build.0 = Release|Any CPU
	EndGlobalSection
	GlobalSection(SolutionProperties) = preSolution
		HideSolutionNode = FALSE
	EndGlobalSection
EndGlobal
